
Microsoft Visual Studio Solution File, Format Version 12.00
# Visual Studio 15
VisualStudioVersion = 15.0.28010.2046
MinimumVisualStudioVersion = 10.0.40219.1
Project("{FAE04EC0-301F-11D3-BF4B-00C04F79EFBC}") = "Q1", "Q1\Q1.csproj", "{1903ECE4-7DF7-4031-A1DA-16AA1442E72E}"
EndProject
Global
	GlobalSection(SolutionConfigurationPlatforms) = preSolution
		Debug|Any CPU = Debug|Any CPU
		Release|Any CPU = Release|Any CPU
	EndGlobalSection
	GlobalSection(ProjectConfigurationPlatforms) = postSolution
		{1903ECE4-7DF7-4031-A1DA-16AA1442E72E}.Debug|Any CPU.ActiveCfg = Debug|Any CPU
		{1903ECE4-7DF7-4031-A1DA-16AA1442E72E}.Debug|Any CPU.Build.0 = Debug|Any CPU
		{1903ECE4-7DF7-4031-A1DA-16AA1442E72E}.Release|Any CPU.ActiveCfg = Release|Any CPU
		{1903ECE4-7DF7-4031-A1DA-16AA1442E72E}.Release|Any CPU.Build.0 = Release|Any CPU
	EndGlobalSection
	GlobalSection(SolutionProperties) = preSolution
		HideSolutionNode = FALSE
	EndGlobalSection
	GlobalSection(ExtensibilityGlobals) = postSolution
		SolutionGuid = {454CC68B-802F-4682-AA98-77E1C8ED4D49}
	EndGlobalSection
EndGlobal
